
Microsoft Visual Studio Solution File, Format Version 12.00
# Visual Studio Version 17
VisualStudioVersion = 17.1.32228.430
MinimumVisualStudioVersion = 10.0.40219.1
Project("{2150E333-8FDC-42A3-9474-1A3956D46DE8}") = "Core", "Core", "{D9FDF85B-B367-40AD-80C2-3D26E19CBA29}"
EndProject
Project("{2150E333-8FDC-42A3-9474-1A3956D46DE8}") = "Common", "Common", "{6496B64E-F2A6-4519-A459-AC7E71D2673F}"
EndProject
Project("{2150E333-8FDC-42A3-9474-1A3956D46DE8}") = "Presentation", "Presentation", "{FD44A2E9-2B0D-4B24-86A6-882C0CBFF9A2}"
EndProject
Project("{2150E333-8FDC-42A3-9474-1A3956D46DE8}") = "Infrastructure", "Infrastructure", "{558EEF33-3F7D-4FE5-BE1B-895855DBE0CC}"
EndProject
Project("{9A19103F-16F7-4668-BE54-9A1E7A4F7556}") = "CRUD.Domain", "CRUD.Domain\CRUD.Domain.csproj", "{0F230588-D67C-454C-B99F-366A06CDC6A3}"
EndProject
Project("{9A19103F-16F7-4668-BE54-9A1E7A4F7556}") = "CRUD.Infrastructure", "CRUD.Infrastructure\CRUD.Infrastructure.csproj", "{55FB015B-2AD6-45BA-B04A-AA771CA17215}"
EndProject
Project("{9A19103F-16F7-4668-BE54-9A1E7A4F7556}") = "CRUD.Persistance", "CRUD.Persistance\CRUD.Persistance.csproj", "{DEC3A47D-47FB-430F-97B3-06A1233B89E0}"
EndProject
Project("{9A19103F-16F7-4668-BE54-9A1E7A4F7556}") = "EndPoint.Site", "EndPoint.Site\EndPoint.Site.csproj", "{2A1B7E66-F2CD-4B50-BB7B-5FB16C15BA6A}"
EndProject
Project("{9A19103F-16F7-4668-BE54-9A1E7A4F7556}") = "CRUD.Application", "CRUD.Application\CRUD.Application.csproj", "{26470097-6755-4EF5-8A87-DEC0BAEDB62A}"
EndProject
Project("{9A19103F-16F7-4668-BE54-9A1E7A4F7556}") = "Resources", "Resources\Resources.csproj", "{250FEA27-7CAE-4482-9E43-C5EE953577C9}"
EndProject
Project("{9A19103F-16F7-4668-BE54-9A1E7A4F7556}") = "ViewModels", "ViewModels\ViewModels.csproj", "{6B3B2B06-66B8-4D19-964E-45139227A1DE}"
EndProject
Global
	GlobalSection(SolutionConfigurationPlatforms) = preSolution
		Debug|Any CPU = Debug|Any CPU
		Release|Any CPU = Release|Any CPU
	EndGlobalSection
	GlobalSection(ProjectConfigurationPlatforms) = postSolution
		{0F230588-D67C-454C-B99F-366A06CDC6A3}.Debug|Any CPU.ActiveCfg = Debug|Any CPU
		{0F230588-D67C-454C-B99F-366A06CDC6A3}.Debug|Any CPU.Build.0 = Debug|Any CPU
		{0F230588-D67C-454C-B99F-366A06CDC6A3}.Release|Any CPU.ActiveCfg = Release|Any CPU
		{0F230588-D67C-454C-B99F-366A06CDC6A3}.Release|Any CPU.Build.0 = Release|Any CPU
		{55FB015B-2AD6-45BA-B04A-AA771CA17215}.Debug|Any CPU.ActiveCfg = Debug|Any CPU
		{55FB015B-2AD6-45BA-B04A-AA771CA17215}.Debug|Any CPU.Build.0 = Debug|Any CPU
		{55FB015B-2AD6-45BA-B04A-AA771CA17215}.Release|Any CPU.ActiveCfg = Release|Any CPU
		{55FB015B-2AD6-45BA-B04A-AA771CA17215}.Release|Any CPU.Build.0 = Release|Any CPU
		{DEC3A47D-47FB-430F-97B3-06A1233B89E0}.Debug|Any CPU.ActiveCfg = Debug|Any CPU
		{DEC3A47D-47FB-430F-97B3-06A1233B89E0}.Debug|Any CPU.Build.0 = Debug|Any CPU
		{DEC3A47D-47FB-430F-97B3-06A1233B89E0}.Release|Any CPU.ActiveCfg = Release|Any CPU
		{DEC3A47D-47FB-430F-97B3-06A1233B89E0}.Release|Any CPU.Build.0 = Release|Any CPU
		{2A1B7E66-F2CD-4B50-BB7B-5FB16C15BA6A}.Debug|Any CPU.ActiveCfg = Debug|Any CPU
		{2A1B7E66-F2CD-4B50-BB7B-5FB16C15BA6A}.Debug|Any CPU.Build.0 = Debug|Any CPU
		{2A1B7E66-F2CD-4B50-BB7B-5FB16C15BA6A}.Release|Any CPU.ActiveCfg = Release|Any CPU
		{2A1B7E66-F2CD-4B50-BB7B-5FB16C15BA6A}.Release|Any CPU.Build.0 = Release|Any CPU
		{26470097-6755-4EF5-8A87-DEC0BAEDB62A}.Debug|Any CPU.ActiveCfg = Debug|Any CPU
		{26470097-6755-4EF5-8A87-DEC0BAEDB62A}.Debug|Any CPU.Build.0 = Debug|Any CPU
		{26470097-6755-4EF5-8A87-DEC0BAEDB62A}.Release|Any CPU.ActiveCfg = Release|Any CPU
		{26470097-6755-4EF5-8A87-DEC0BAEDB62A}.Release|Any CPU.Build.0 = Release|Any CPU
		{250FEA27-7CAE-4482-9E43-C5EE953577C9}.Debug|Any CPU.ActiveCfg = Debug|Any CPU
		{250FEA27-7CAE-4482-9E43-C5EE953577C9}.Debug|Any CPU.Build.0 = Debug|Any CPU
		{250FEA27-7CAE-4482-9E43-C5EE953577C9}.Release|Any CPU.ActiveCfg = Release|Any CPU
		{250FEA27-7CAE-4482-9E43-C5EE953577C9}.Release|Any CPU.Build.0 = Release|Any CPU
		{6B3B2B06-66B8-4D19-964E-45139227A1DE}.Debug|Any CPU.ActiveCfg = Debug|Any CPU
		{6B3B2B06-66B8-4D19-964E-45139227A1DE}.Debug|Any CPU.Build.0 = Debug|Any CPU
		{6B3B2B06-66B8-4D19-964E-45139227A1DE}.Release|Any CPU.ActiveCfg = Release|Any CPU
		{6B3B2B06-66B8-4D19-964E-45139227A1DE}.Release|Any CPU.Build.0 = Release|Any CPU
	EndGlobalSection
	GlobalSection(SolutionProperties) = preSolution
		HideSolutionNode = FALSE
	EndGlobalSection
	GlobalSection(NestedProjects) = preSolution
		{0F230588-D67C-454C-B99F-366A06CDC6A3} = {D9FDF85B-B367-40AD-80C2-3D26E19CBA29}
		{55FB015B-2AD6-45BA-B04A-AA771CA17215} = {558EEF33-3F7D-4FE5-BE1B-895855DBE0CC}
		{DEC3A47D-47FB-430F-97B3-06A1233B89E0} = {558EEF33-3F7D-4FE5-BE1B-895855DBE0CC}
		{2A1B7E66-F2CD-4B50-BB7B-5FB16C15BA6A} = {FD44A2E9-2B0D-4B24-86A6-882C0CBFF9A2}
		{26470097-6755-4EF5-8A87-DEC0BAEDB62A} = {D9FDF85B-B367-40AD-80C2-3D26E19CBA29}
		{250FEA27-7CAE-4482-9E43-C5EE953577C9} = {6496B64E-F2A6-4519-A459-AC7E71D2673F}
		{6B3B2B06-66B8-4D19-964E-45139227A1DE} = {6496B64E-F2A6-4519-A459-AC7E71D2673F}
	EndGlobalSection
	GlobalSection(ExtensibilityGlobals) = postSolution
		SolutionGuid = {C35C2C7A-FBCB-4A76-AE52-578AC2A42027}
	EndGlobalSection
EndGlobal
